# THIS IS AN AUTOGENERATED FILE. DO NOT EDIT THIS FILE DIRECTLY.
# yarn lockfile v1


"@babel/runtime@^7.0.0":
  version "7.22.6"
  resolved "https://registry.npmjs.org/@babel/runtime/-/runtime-7.22.6.tgz"
  integrity sha512-wDb5pWm4WDdF6LFUde3Jl8WzPA+3ZbxYqkC6xAXuD3irdEHN1k0NfTRrJD8ZD378SJ61miMLCqIOXYhd8x+AJQ==
  dependencies:
    regenerator-runtime "^0.13.11"

"@types/prop-types@*":
  version "15.7.5"
  resolved "https://registry.npmjs.org/@types/prop-types/-/prop-types-15.7.5.tgz"
  integrity sha512-JCB8C6SnDoQf0cNycqd/35A7MjcnK+ZTqE7judS6o7utxUCg6imJg3QK2qzHKszlTjcj2cn+NwMB2i96ubpj7w==

"@types/react-pdf@^6.2.0":
  version "6.2.0"
  resolved "https://registry.npmjs.org/@types/react-pdf/-/react-pdf-6.2.0.tgz"
  integrity sha512-OSCYmrfaJvpXkM5V4seUMAhUDOAOqbGQf9kwv14INyTf7AjDs2ukfkkQrLWRQ8OjWrDklbXYWh5l7pT7l0N76g==
  dependencies:
    "@types/react" "*"
    pdfjs-dist "^2.16.105"

"@types/react@*":
  version "18.2.17"
  resolved "https://registry.npmjs.org/@types/react/-/react-18.2.17.tgz"
  integrity sha512-u+e7OlgPPh+aryjOm5UJMX32OvB2E3QASOAqVMY6Ahs90djagxwv2ya0IctglNbNTexC12qCSMZG47KPfy1hAA==
  dependencies:
    "@types/prop-types" "*"
    "@types/scheduler" "*"
    csstype "^3.0.2"

"@types/scheduler@*":
  version "0.16.3"
  resolved "https://registry.npmjs.org/@types/scheduler/-/scheduler-0.16.3.tgz"
  integrity sha512-5cJ8CB4yAx7BH1oMvdU0Jh9lrEXyPkar6F9G/ERswkCuvP4KQZfZkSjcMbAICCpQTN4OuZn8tz0HiKv9TGZgrQ==

clsx@^1.2.1:
  version "1.2.1"
  resolved "https://registry.npmjs.org/clsx/-/clsx-1.2.1.tgz"
  integrity sha512-EcR6r5a8bj6pu3ycsa/E/cKVGuTgZJZdsyUYHOksG/UHIiKfjxzRxYJpyVBwYaQeOvghal9fcc4PidlgzugAQg==

csstype@^3.0.2:
  version "3.1.2"
  resolved "https://registry.npmjs.org/csstype/-/csstype-3.1.2.tgz"
  integrity sha512-I7K1Uu0MBPzaFKg4nI5Q7Vs2t+3gWWW648spaF+Rg7pI9ds18Ugn+lvg4SHczUdKlHI5LWBXyqfS8+DufyBsgQ==

deepmerge@^2.1.1:
  version "2.2.1"
  resolved "https://registry.npmjs.org/deepmerge/-/deepmerge-2.2.1.tgz"
  integrity sha512-R9hc1Xa/NOBi9WRVUWg19rl1UB7Tt4kuPd+thNJgFZoxXsTz7ncaPaeIm+40oSGuP33DfMb4sZt1QIGiJzC4EA==

dommatrix@^1.0.3:
  version "1.0.3"
  resolved "https://registry.npmjs.org/dommatrix/-/dommatrix-1.0.3.tgz"
  integrity sha512-l32Xp/TLgWb8ReqbVJAFIvXmY7go4nTxxlWiAFyhoQw9RKEOHBZNnyGvJWqDVSPmq3Y9HlM4npqF/T6VMOXhww==

formik@^2.2.9:
  version "2.4.2"
  resolved "https://registry.npmjs.org/formik/-/formik-2.4.2.tgz"
  integrity sha512-C6nx0hifW2uENP3M6HpPmnAE6HFWCcd8/sqBZEOHZY6lpHJ5qehsfAy43ktpFLEmkBmhiZDei726utcUB9leqg==
  dependencies:
    deepmerge "^2.1.1"
    hoist-non-react-statics "^3.3.0"
    lodash "^4.17.21"
    lodash-es "^4.17.21"
    react-fast-compare "^2.0.1"
    tiny-warning "^1.0.2"
    tslib "^2.0.0"

hoist-non-react-statics@^3.3.0:
  version "3.3.2"
  resolved "https://registry.npmjs.org/hoist-non-react-statics/-/hoist-non-react-statics-3.3.2.tgz"
  integrity sha512-/gGivxi8JPKWNm/W0jSmzcMPpfpPLc3dY/6GxhX2hQ9iGj3aDfklV4ET7NjKpSinLpJ5vafa9iiGIEZg10SfBw==
  dependencies:
    react-is "^16.7.0"

husky@^8.0.1:
  version "8.0.1"
  resolved "https://registry.npmjs.org/husky/-/husky-8.0.1.tgz"
  integrity sha512-xs7/chUH/CKdOCs7Zy0Aev9e/dKOMZf3K1Az1nar3tzlv0jfqnYtu235bstsWTmXOR0EfINrPa97yy4Lz6RiKw==

"js-tokens@^3.0.0 || ^4.0.0":
  version "4.0.0"
  resolved "https://registry.npmjs.org/js-tokens/-/js-tokens-4.0.0.tgz"
  integrity sha512-RdJUflcE3cUzKiMqQgsCu06FPu9UdIJO0beYbPhHN4k6apgJtifcoCtT9bcxOpYBtpD2kCM6Sbzg4CausW/PKQ==

lodash-es@^4.17.21:
  version "4.17.21"
  resolved "https://registry.npmjs.org/lodash-es/-/lodash-es-4.17.21.tgz"
  integrity sha512-mKnC+QJ9pWVzv+C4/U3rRsHapFfHvQFoFB92e52xeyGMcX6/OlIl78je1u8vePzYZSkkogMPJ2yjxxsb89cxyw==

lodash@^4.17.21:
  version "4.17.21"
  resolved "https://registry.npmjs.org/lodash/-/lodash-4.17.21.tgz"
  integrity sha512-v2kDEe57lecTulaDIuNTPy3Ry4gLGJ6Z1O3vE1krgXZNrsQ+LFTGHVxVjcXPs17LhbZVGedAJv8XZ1tvj5FvSg==

loose-envify@^1.1.0, loose-envify@^1.4.0:
  version "1.4.0"
  resolved "https://registry.npmjs.org/loose-envify/-/loose-envify-1.4.0.tgz"
  integrity sha512-lyuxPGr/Wfhrlem2CL/UcnUc1zcqKAImBDzukY7Y5F/yQiNdko6+fRLevlw1HgMySw7f611UIY408EtxRSoK3Q==
  dependencies:
    js-tokens "^3.0.0 || ^4.0.0"

make-cancellable-promise@^1.0.0:
  version "1.3.1"
  resolved "https://registry.npmjs.org/make-cancellable-promise/-/make-cancellable-promise-1.3.1.tgz"
  integrity sha512-DWOzWdO3xhY5ESjVR+wVFy03rpt0ZccS4bunccNwngoX6rllKlMZm6S9ZnJ5nMuDDweqDMjtaO0g6tZeh+cCUA==

make-event-props@^1.1.0:
  version "1.6.1"
  resolved "https://registry.npmjs.org/make-event-props/-/make-event-props-1.6.1.tgz"
  integrity sha512-JhvWq/iz1BvlmnPvLJjXv+xnMPJZuychrDC68V+yCGQJn5chcA8rLGKo5EP1XwIKVrigSXKLmbeXAGkf36wdCQ==

merge-refs@^1.0.0:
  version "1.2.1"
  resolved "https://registry.npmjs.org/merge-refs/-/merge-refs-1.2.1.tgz"
  integrity sha512-pRPz39HQz2xzHdXAGvtJ9S8aEpNgpUjzb5yPC3ytozodmsHg+9nqgRs7/YOmn9fM/TLzntAC8AdGTidKxOq9TQ==
  dependencies:
    "@types/react" "*"

object-assign@^4.1.1:
  version "4.1.1"
  resolved "https://registry.npmjs.org/object-assign/-/object-assign-4.1.1.tgz"
  integrity sha512-rJgTQnkUnH1sFw8yT6VSU3zD3sWmu6sZhIseY8VX+GRu3P6F7Fu+JNDoXfklElbLJSnc3FUQHVe4cU5hj+BcUg==

pdfjs-dist@^2.16.105, pdfjs-dist@2.16.105:
  version "2.16.105"
  resolved "https://registry.npmjs.org/pdfjs-dist/-/pdfjs-dist-2.16.105.tgz"
  integrity sha512-J4dn41spsAwUxCpEoVf6GVoz908IAA3mYiLmNxg8J9kfRXc2jxpbUepcP0ocp0alVNLFthTAM8DZ1RaHh8sU0A==
  dependencies:
    dommatrix "^1.0.3"
    web-streams-polyfill "^3.2.1"

prettier@^2.7.1:
  version "2.7.1"
  resolved "https://registry.npmjs.org/prettier/-/prettier-2.7.1.tgz"
  integrity sha512-ujppO+MkdPqoVINuDFDRLClm7D78qbDt0/NR+wp5FqEZOoTNAjPHWj17QRhu7geIHJfcNhRk1XVQmF8Bp3ye+g==

prop-types@^15.6.2:
  version "15.8.1"
  resolved "https://registry.npmjs.org/prop-types/-/prop-types-15.8.1.tgz"
  integrity sha512-oj87CgZICdulUohogVAR7AjlC0327U4el4L6eAvOqCeudMDVU0NThNaV+b9Df4dXgSP1gXMTnPdhfe/2qDH5cg==
  dependencies:
    loose-envify "^1.4.0"
    object-assign "^4.1.1"
    react-is "^16.13.1"

"react-dom@^16.8.0 || ^17.0.0 || ^18.0.0":
  version "18.2.0"
  resolved "https://registry.npmjs.org/react-dom/-/react-dom-18.2.0.tgz"
  integrity sha512-6IMTriUmvsjHUjNtEDudZfuDQUoWXVxKHhlEGSk81n4YFS+r/Kl99wXiwlVXtPBtJenozv2P+hxDsw9eA7Xo6g==
  dependencies:
    loose-envify "^1.1.0"
    scheduler "^0.23.0"

react-fast-compare@^2.0.1:
  version "2.0.4"
  resolved "https://registry.npmjs.org/react-fast-compare/-/react-fast-compare-2.0.4.tgz"
  integrity sha512-suNP+J1VU1MWFKcyt7RtjiSWUjvidmQSlqu+eHslq+342xCbGTYmC0mEhPCOHxlW0CywylOC1u2DFAT+bv4dBw==

react-is@^16.13.1, react-is@^16.7.0:
  version "16.13.1"
  resolved "https://registry.npmjs.org/react-is/-/react-is-16.13.1.tgz"
  integrity sha512-24e6ynE2H+OKt4kqsOvNd8kBpV65zoxbA4BVsEOB3ARVWQki/DHzaUoC5KuON/BiccDaCCTZBuOcfZs70kR8bQ==

react-pdf@^6.2.0:
  version "6.2.2"
  resolved "https://registry.npmjs.org/react-pdf/-/react-pdf-6.2.2.tgz"
  integrity sha512-huNWhzzTAb3t1mWA6WOR9yQRCbcZ6uXCGC46cEAgEhGqvXTB6RcHm+1DS2r9OdPNUZ9SZTuR6jZ1BNOJIiEing==
  dependencies:
    "@babel/runtime" "^7.0.0"
    clsx "^1.2.1"
    make-cancellable-promise "^1.0.0"
    make-event-props "^1.1.0"
    merge-refs "^1.0.0"
    pdfjs-dist "2.16.105"
    prop-types "^15.6.2"
    tiny-invariant "^1.0.0"
    tiny-warning "^1.0.0"

"react@^16.8.0 || ^17.0.0 || ^18.0.0", react@^18.2.0, react@>=16.8.0:
  version "18.2.0"
  resolved "https://registry.npmjs.org/react/-/react-18.2.0.tgz"
  integrity sha512-/3IjMdb2L9QbBdWiW5e3P2/npwMBaU9mHCSCUzNln0ZCYbcfTsGbTJrU/kGemdH2IWmB2ioZ+zkxtmq6g09fGQ==
  dependencies:
    loose-envify "^1.1.0"

regenerator-runtime@^0.13.11:
  version "0.13.11"
  resolved "https://registry.npmjs.org/regenerator-runtime/-/regenerator-runtime-0.13.11.tgz"
  integrity sha512-kY1AZVr2Ra+t+piVaJ4gxaFaReZVH40AKNo7UCX6W+dEwBo/2oZJzqfuN1qLq1oL45o56cPaTXELwrTh8Fpggg==

scheduler@^0.23.0:
  version "0.23.0"
  resolved "https://registry.npmjs.org/scheduler/-/scheduler-0.23.0.tgz"
  integrity sha512-CtuThmgHNg7zIZWAXi3AsyIzA3n4xx7aNyjwC2VJldO2LMVDhFK+63xGqq6CsJH4rTAt6/M+N4GhZiDYPx9eUw==
  dependencies:
    loose-envify "^1.1.0"

tiny-invariant@^1.0.0:
  version "1.3.1"
  resolved "https://registry.npmjs.org/tiny-invariant/-/tiny-invariant-1.3.1.tgz"
  integrity sha512-AD5ih2NlSssTCwsMznbvwMZpJ1cbhkGd2uueNxzv2jDlEeZdU04JQfRnggJQ8DrcVBGjAsCKwFBbDlVNtEMlzw==

tiny-warning@^1.0.0, tiny-warning@^1.0.2:
  version "1.0.3"
  resolved "https://registry.npmjs.org/tiny-warning/-/tiny-warning-1.0.3.tgz"
  integrity sha512-lBN9zLN/oAf68o3zNXYrdCt1kP8WsiGW8Oo2ka41b2IM5JL/S1CTyX1rW0mb/zSuJun0ZUrDxx4sqvYS2FWzPA==

tslib@^2.0.0:
  version "2.6.1"
  resolved "https://registry.npmjs.org/tslib/-/tslib-2.6.1.tgz"
  integrity sha512-t0hLfiEKfMUoqhG+U1oid7Pva4bbDPHYfJNiB7BiIjRkj1pyC++4N3huJfqY6aRH6VTB0rvtzQwjM4K6qpfOig==

turbo-darwin-arm64@1.6.1:
  version "1.6.1"
  resolved "https://registry.npmjs.org/turbo-darwin-arm64/-/turbo-darwin-arm64-1.6.1.tgz"
  integrity sha512-wRfAJWCLYB29IGTx6sF6QvexK/89AbAgnfYA5yVcuUJT+xz2/zLeGcOODQBCnP4rB+vX5ipXLY0XjkLGl+z6fA==

turbo@^1.4.6:
  version "1.6.1"
  resolved "https://registry.npmjs.org/turbo/-/turbo-1.6.1.tgz"
  integrity sha512-CkcJo17cbwfTzmxtxJo2AbbeVqaz1yQotBUqVwZDdcrVSNKci2nvw+JHJ3sy/z9YY9xOJmoRaZifbkja3UXUWA==
  optionalDependencies:
    turbo-darwin-64 "1.6.1"
    turbo-darwin-arm64 "1.6.1"
    turbo-linux-64 "1.6.1"
    turbo-linux-arm64 "1.6.1"
    turbo-windows-64 "1.6.1"
    turbo-windows-arm64 "1.6.1"

web-streams-polyfill@^3.2.1:
  version "3.2.1"
  resolved "https://registry.npmjs.org/web-streams-polyfill/-/web-streams-polyfill-3.2.1.tgz"
  integrity sha512-e0MO3wdXWKrLbL0DgGnUV7WHVuw9OUvL4hjgnPkIeEvESk74gAITi5G606JtZPp39cd8HA9VQzCIvA49LpPN5Q==
